
Microsoft Visual Studio Solution File, Format Version 12.00
Project("{2150E333-8FDC-42A3-9474-1A3956D46DE8}") = "Creational", "Creational", "{99843490-181B-474A-910B-691AE4B64354}"
EndProject
Project("{2150E333-8FDC-42A3-9474-1A3956D46DE8}") = "Behavioural", "Behavioural", "{7278AF37-D231-4E2E-8A50-72B0FCEFD543}"
EndProject
Project("{2150E333-8FDC-42A3-9474-1A3956D46DE8}") = "Structural", "Structural", "{B92C071E-5ECF-48B7-96DC-9DEDC983D26A}"
EndProject
Project("{FAE04EC0-301F-11D3-BF4B-00C04F79EFBC}") = "Strategy", "src\Behavioural\Strategy\Strategy.csproj", "{C1A4A0E1-6027-4952-92DF-549D10838C85}"
EndProject
Project("{FAE04EC0-301F-11D3-BF4B-00C04F79EFBC}") = "Singleton", "src\Creational\Singleton\Singleton.csproj", "{34E126F0-E66B-45FF-8126-FBEF2BEB521D}"
EndProject
Project("{FAE04EC0-301F-11D3-BF4B-00C04F79EFBC}") = "Adapter", "src\Structural\Adapter\Adapter.csproj", "{8E1F472D-E770-4E21-9ED0-9E0C8CC0A2B6}"
EndProject
Project("{FAE04EC0-301F-11D3-BF4B-00C04F79EFBC}") = "Builder", "src\Creational\Builder\Builder.csproj", "{0DCB077F-1C89-4DFE-8BD6-E6311F4CC98C}"
EndProject
Project("{FAE04EC0-301F-11D3-BF4B-00C04F79EFBC}") = "Command", "src\Behavioural\Command\Command.csproj", "{FEBC9B06-3E1B-4294-AA97-9581EDDB9443}"
EndProject
Project("{FAE04EC0-301F-11D3-BF4B-00C04F79EFBC}") = "AbstractFactory", "src\Creational\AbstractFactory\AbstractFactory.csproj", "{90DC7ABD-C129-46B0-9A12-728F2A5D875A}"
EndProject
Project("{FAE04EC0-301F-11D3-BF4B-00C04F79EFBC}") = "FactoryMethod", "src\Creational\FactoryMethod\FactoryMethod.csproj", "{73A31281-9CAC-42E3-A93E-7006BD670A5C}"
EndProject
Project("{FAE04EC0-301F-11D3-BF4B-00C04F79EFBC}") = "Facade", "src\Structural\Facade\Facade.csproj", "{11FD0BAB-05E4-4576-9457-96D9DBB13655}"
EndProject
Project("{FAE04EC0-301F-11D3-BF4B-00C04F79EFBC}") = "Prototype", "src\Creational\Prototype\Prototype.csproj", "{D2FCE636-DBE6-4CC9-80BF-1E3D56821D9B}"
EndProject
Project("{FAE04EC0-301F-11D3-BF4B-00C04F79EFBC}") = "Bridge", "src\Structural\Bridge\Bridge.csproj", "{C288A168-D86E-4FA6-8A77-51F42EA51DBA}"
EndProject
Project("{FAE04EC0-301F-11D3-BF4B-00C04F79EFBC}") = "Decorator", "src\Structural\Decorator\Decorator.csproj", "{60886B3E-7396-4C21-BFF6-32179C497B85}"
EndProject
Project("{FAE04EC0-301F-11D3-BF4B-00C04F79EFBC}") = "Flyweight", "src\Structural\Flyweight\Flyweight.csproj", "{C32D3553-E922-4178-BCCD-89346279EA24}"
EndProject
Project("{FAE04EC0-301F-11D3-BF4B-00C04F79EFBC}") = "Composite", "src\Structural\Composite\Composite.csproj", "{92DBF2B0-2B23-47CF-81A0-81FD08564BA9}"
EndProject
Project("{FAE04EC0-301F-11D3-BF4B-00C04F79EFBC}") = "Proxy", "src\Structural\Proxy\Proxy.csproj", "{F7060DEA-91B1-4245-9798-AE384A903547}"
EndProject
Project("{FAE04EC0-301F-11D3-BF4B-00C04F79EFBC}") = "Mediator", "src\Behavioural\Mediator\Mediator.csproj", "{BB1D642A-3857-446F-B879-FE245498920C}"
EndProject
Project("{FAE04EC0-301F-11D3-BF4B-00C04F79EFBC}") = "ChainOfResponsibility", "src\Behavioural\ChainOfResponsibility\ChainOfResponsibility.csproj", "{0F7E5C9E-E5DF-43F3-8055-4111079C713B}"
EndProject
Project("{FAE04EC0-301F-11D3-BF4B-00C04F79EFBC}") = "Interpreter", "src\Behavioural\Interpreter\Interpreter.csproj", "{74554A0E-1AA7-4B1D-83AF-B755ADCD2575}"
EndProject
Project("{FAE04EC0-301F-11D3-BF4B-00C04F79EFBC}") = "Observer", "src\Behavioural\Observer\Observer.csproj", "{AE0F02F1-620F-4A76-8A8E-045447F7ABC7}"
EndProject
Project("{FAE04EC0-301F-11D3-BF4B-00C04F79EFBC}") = "State", "src\Behavioural\State\State.csproj", "{76C64EDC-BD41-4D9D-9229-4D214AF8A889}"
EndProject
Global
	GlobalSection(SolutionConfigurationPlatforms) = preSolution
		Debug|Any CPU = Debug|Any CPU
		Release|Any CPU = Release|Any CPU
	EndGlobalSection
	GlobalSection(ProjectConfigurationPlatforms) = postSolution
		{C1A4A0E1-6027-4952-92DF-549D10838C85}.Debug|Any CPU.ActiveCfg = Debug|Any CPU
		{C1A4A0E1-6027-4952-92DF-549D10838C85}.Debug|Any CPU.Build.0 = Debug|Any CPU
		{C1A4A0E1-6027-4952-92DF-549D10838C85}.Release|Any CPU.ActiveCfg = Release|Any CPU
		{C1A4A0E1-6027-4952-92DF-549D10838C85}.Release|Any CPU.Build.0 = Release|Any CPU
		{34E126F0-E66B-45FF-8126-FBEF2BEB521D}.Debug|Any CPU.ActiveCfg = Debug|Any CPU
		{34E126F0-E66B-45FF-8126-FBEF2BEB521D}.Debug|Any CPU.Build.0 = Debug|Any CPU
		{34E126F0-E66B-45FF-8126-FBEF2BEB521D}.Release|Any CPU.ActiveCfg = Release|Any CPU
		{34E126F0-E66B-45FF-8126-FBEF2BEB521D}.Release|Any CPU.Build.0 = Release|Any CPU
		{8E1F472D-E770-4E21-9ED0-9E0C8CC0A2B6}.Debug|Any CPU.ActiveCfg = Debug|Any CPU
		{8E1F472D-E770-4E21-9ED0-9E0C8CC0A2B6}.Debug|Any CPU.Build.0 = Debug|Any CPU
		{8E1F472D-E770-4E21-9ED0-9E0C8CC0A2B6}.Release|Any CPU.ActiveCfg = Release|Any CPU
		{8E1F472D-E770-4E21-9ED0-9E0C8CC0A2B6}.Release|Any CPU.Build.0 = Release|Any CPU
		{0DCB077F-1C89-4DFE-8BD6-E6311F4CC98C}.Debug|Any CPU.ActiveCfg = Debug|Any CPU
		{0DCB077F-1C89-4DFE-8BD6-E6311F4CC98C}.Debug|Any CPU.Build.0 = Debug|Any CPU
		{0DCB077F-1C89-4DFE-8BD6-E6311F4CC98C}.Release|Any CPU.ActiveCfg = Release|Any CPU
		{0DCB077F-1C89-4DFE-8BD6-E6311F4CC98C}.Release|Any CPU.Build.0 = Release|Any CPU
		{FEBC9B06-3E1B-4294-AA97-9581EDDB9443}.Debug|Any CPU.ActiveCfg = Debug|Any CPU
		{FEBC9B06-3E1B-4294-AA97-9581EDDB9443}.Debug|Any CPU.Build.0 = Debug|Any CPU
		{FEBC9B06-3E1B-4294-AA97-9581EDDB9443}.Release|Any CPU.ActiveCfg = Release|Any CPU
		{FEBC9B06-3E1B-4294-AA97-9581EDDB9443}.Release|Any CPU.Build.0 = Release|Any CPU
		{90DC7ABD-C129-46B0-9A12-728F2A5D875A}.Debug|Any CPU.ActiveCfg = Debug|Any CPU
		{90DC7ABD-C129-46B0-9A12-728F2A5D875A}.Debug|Any CPU.Build.0 = Debug|Any CPU
		{90DC7ABD-C129-46B0-9A12-728F2A5D875A}.Release|Any CPU.ActiveCfg = Release|Any CPU
		{90DC7ABD-C129-46B0-9A12-728F2A5D875A}.Release|Any CPU.Build.0 = Release|Any CPU
		{73A31281-9CAC-42E3-A93E-7006BD670A5C}.Debug|Any CPU.ActiveCfg = Debug|Any CPU
		{73A31281-9CAC-42E3-A93E-7006BD670A5C}.Debug|Any CPU.Build.0 = Debug|Any CPU
		{73A31281-9CAC-42E3-A93E-7006BD670A5C}.Release|Any CPU.ActiveCfg = Release|Any CPU
		{73A31281-9CAC-42E3-A93E-7006BD670A5C}.Release|Any CPU.Build.0 = Release|Any CPU
		{11FD0BAB-05E4-4576-9457-96D9DBB13655}.Debug|Any CPU.ActiveCfg = Debug|Any CPU
		{11FD0BAB-05E4-4576-9457-96D9DBB13655}.Debug|Any CPU.Build.0 = Debug|Any CPU
		{11FD0BAB-05E4-4576-9457-96D9DBB13655}.Release|Any CPU.ActiveCfg = Release|Any CPU
		{11FD0BAB-05E4-4576-9457-96D9DBB13655}.Release|Any CPU.Build.0 = Release|Any CPU
		{D2FCE636-DBE6-4CC9-80BF-1E3D56821D9B}.Debug|Any CPU.ActiveCfg = Debug|Any CPU
		{D2FCE636-DBE6-4CC9-80BF-1E3D56821D9B}.Debug|Any CPU.Build.0 = Debug|Any CPU
		{D2FCE636-DBE6-4CC9-80BF-1E3D56821D9B}.Release|Any CPU.ActiveCfg = Release|Any CPU
		{D2FCE636-DBE6-4CC9-80BF-1E3D56821D9B}.Release|Any CPU.Build.0 = Release|Any CPU
		{C288A168-D86E-4FA6-8A77-51F42EA51DBA}.Debug|Any CPU.ActiveCfg = Debug|Any CPU
		{C288A168-D86E-4FA6-8A77-51F42EA51DBA}.Debug|Any CPU.Build.0 = Debug|Any CPU
		{C288A168-D86E-4FA6-8A77-51F42EA51DBA}.Release|Any CPU.ActiveCfg = Release|Any CPU
		{C288A168-D86E-4FA6-8A77-51F42EA51DBA}.Release|Any CPU.Build.0 = Release|Any CPU
		{60886B3E-7396-4C21-BFF6-32179C497B85}.Debug|Any CPU.ActiveCfg = Debug|Any CPU
		{60886B3E-7396-4C21-BFF6-32179C497B85}.Debug|Any CPU.Build.0 = Debug|Any CPU
		{60886B3E-7396-4C21-BFF6-32179C497B85}.Release|Any CPU.ActiveCfg = Release|Any CPU
		{60886B3E-7396-4C21-BFF6-32179C497B85}.Release|Any CPU.Build.0 = Release|Any CPU
		{C32D3553-E922-4178-BCCD-89346279EA24}.Debug|Any CPU.ActiveCfg = Debug|Any CPU
		{C32D3553-E922-4178-BCCD-89346279EA24}.Debug|Any CPU.Build.0 = Debug|Any CPU
		{C32D3553-E922-4178-BCCD-89346279EA24}.Release|Any CPU.ActiveCfg = Release|Any CPU
		{C32D3553-E922-4178-BCCD-89346279EA24}.Release|Any CPU.Build.0 = Release|Any CPU
		{92DBF2B0-2B23-47CF-81A0-81FD08564BA9}.Debug|Any CPU.ActiveCfg = Debug|Any CPU
		{92DBF2B0-2B23-47CF-81A0-81FD08564BA9}.Debug|Any CPU.Build.0 = Debug|Any CPU
		{92DBF2B0-2B23-47CF-81A0-81FD08564BA9}.Release|Any CPU.ActiveCfg = Release|Any CPU
		{92DBF2B0-2B23-47CF-81A0-81FD08564BA9}.Release|Any CPU.Build.0 = Release|Any CPU
		{F7060DEA-91B1-4245-9798-AE384A903547}.Debug|Any CPU.ActiveCfg = Debug|Any CPU
		{F7060DEA-91B1-4245-9798-AE384A903547}.Debug|Any CPU.Build.0 = Debug|Any CPU
		{F7060DEA-91B1-4245-9798-AE384A903547}.Release|Any CPU.ActiveCfg = Release|Any CPU
		{F7060DEA-91B1-4245-9798-AE384A903547}.Release|Any CPU.Build.0 = Release|Any CPU
		{BB1D642A-3857-446F-B879-FE245498920C}.Debug|Any CPU.ActiveCfg = Debug|Any CPU
		{BB1D642A-3857-446F-B879-FE245498920C}.Debug|Any CPU.Build.0 = Debug|Any CPU
		{BB1D642A-3857-446F-B879-FE245498920C}.Release|Any CPU.ActiveCfg = Release|Any CPU
		{BB1D642A-3857-446F-B879-FE245498920C}.Release|Any CPU.Build.0 = Release|Any CPU
		{0F7E5C9E-E5DF-43F3-8055-4111079C713B}.Debug|Any CPU.ActiveCfg = Debug|Any CPU
		{0F7E5C9E-E5DF-43F3-8055-4111079C713B}.Debug|Any CPU.Build.0 = Debug|Any CPU
		{0F7E5C9E-E5DF-43F3-8055-4111079C713B}.Release|Any CPU.ActiveCfg = Release|Any CPU
		{0F7E5C9E-E5DF-43F3-8055-4111079C713B}.Release|Any CPU.Build.0 = Release|Any CPU
		{74554A0E-1AA7-4B1D-83AF-B755ADCD2575}.Debug|Any CPU.ActiveCfg = Debug|Any CPU
		{74554A0E-1AA7-4B1D-83AF-B755ADCD2575}.Debug|Any CPU.Build.0 = Debug|Any CPU
		{74554A0E-1AA7-4B1D-83AF-B755ADCD2575}.Release|Any CPU.ActiveCfg = Release|Any CPU
		{74554A0E-1AA7-4B1D-83AF-B755ADCD2575}.Release|Any CPU.Build.0 = Release|Any CPU
		{AE0F02F1-620F-4A76-8A8E-045447F7ABC7}.Debug|Any CPU.ActiveCfg = Debug|Any CPU
		{AE0F02F1-620F-4A76-8A8E-045447F7ABC7}.Debug|Any CPU.Build.0 = Debug|Any CPU
		{AE0F02F1-620F-4A76-8A8E-045447F7ABC7}.Release|Any CPU.ActiveCfg = Release|Any CPU
		{AE0F02F1-620F-4A76-8A8E-045447F7ABC7}.Release|Any CPU.Build.0 = Release|Any CPU
		{76C64EDC-BD41-4D9D-9229-4D214AF8A889}.Debug|Any CPU.ActiveCfg = Debug|Any CPU
		{76C64EDC-BD41-4D9D-9229-4D214AF8A889}.Debug|Any CPU.Build.0 = Debug|Any CPU
		{76C64EDC-BD41-4D9D-9229-4D214AF8A889}.Release|Any CPU.ActiveCfg = Release|Any CPU
		{76C64EDC-BD41-4D9D-9229-4D214AF8A889}.Release|Any CPU.Build.0 = Release|Any CPU
	EndGlobalSection
	GlobalSection(NestedProjects) = preSolution
		{C1A4A0E1-6027-4952-92DF-549D10838C85} = {7278AF37-D231-4E2E-8A50-72B0FCEFD543}
		{34E126F0-E66B-45FF-8126-FBEF2BEB521D} = {99843490-181B-474A-910B-691AE4B64354}
		{8E1F472D-E770-4E21-9ED0-9E0C8CC0A2B6} = {B92C071E-5ECF-48B7-96DC-9DEDC983D26A}
		{0DCB077F-1C89-4DFE-8BD6-E6311F4CC98C} = {99843490-181B-474A-910B-691AE4B64354}
		{FEBC9B06-3E1B-4294-AA97-9581EDDB9443} = {7278AF37-D231-4E2E-8A50-72B0FCEFD543}
		{90DC7ABD-C129-46B0-9A12-728F2A5D875A} = {99843490-181B-474A-910B-691AE4B64354}
		{73A31281-9CAC-42E3-A93E-7006BD670A5C} = {99843490-181B-474A-910B-691AE4B64354}
		{11FD0BAB-05E4-4576-9457-96D9DBB13655} = {B92C071E-5ECF-48B7-96DC-9DEDC983D26A}
		{D2FCE636-DBE6-4CC9-80BF-1E3D56821D9B} = {99843490-181B-474A-910B-691AE4B64354}
		{C288A168-D86E-4FA6-8A77-51F42EA51DBA} = {B92C071E-5ECF-48B7-96DC-9DEDC983D26A}
		{60886B3E-7396-4C21-BFF6-32179C497B85} = {B92C071E-5ECF-48B7-96DC-9DEDC983D26A}
		{C32D3553-E922-4178-BCCD-89346279EA24} = {B92C071E-5ECF-48B7-96DC-9DEDC983D26A}
		{92DBF2B0-2B23-47CF-81A0-81FD08564BA9} = {B92C071E-5ECF-48B7-96DC-9DEDC983D26A}
		{F7060DEA-91B1-4245-9798-AE384A903547} = {B92C071E-5ECF-48B7-96DC-9DEDC983D26A}
		{BB1D642A-3857-446F-B879-FE245498920C} = {7278AF37-D231-4E2E-8A50-72B0FCEFD543}
		{0F7E5C9E-E5DF-43F3-8055-4111079C713B} = {7278AF37-D231-4E2E-8A50-72B0FCEFD543}
		{74554A0E-1AA7-4B1D-83AF-B755ADCD2575} = {7278AF37-D231-4E2E-8A50-72B0FCEFD543}
		{AE0F02F1-620F-4A76-8A8E-045447F7ABC7} = {7278AF37-D231-4E2E-8A50-72B0FCEFD543}
		{76C64EDC-BD41-4D9D-9229-4D214AF8A889} = {7278AF37-D231-4E2E-8A50-72B0FCEFD543}
	EndGlobalSection
EndGlobal
